
Microsoft Visual Studio Solution File, Format Version 12.00
# Visual Studio Version 17
VisualStudioVersion = 17.5.002.0
MinimumVisualStudioVersion = 10.0.40219.1
Project("{9A19103F-16F7-4668-BE54-9A1E7A4F7556}") = "Seminars", "Seminars.csproj", "{D50B0A1F-476E-494C-8A69-F6FF2AB68AFD}"
EndProject
Global
	GlobalSection(SolutionConfigurationPlatforms) = preSolution
		Debug|Any CPU = Debug|Any CPU
		Release|Any CPU = Release|Any CPU
	EndGlobalSection
	GlobalSection(ProjectConfigurationPlatforms) = postSolution
		{D50B0A1F-476E-494C-8A69-F6FF2AB68AFD}.Debug|Any CPU.ActiveCfg = Debug|Any CPU
		{D50B0A1F-476E-494C-8A69-F6FF2AB68AFD}.Debug|Any CPU.Build.0 = Debug|Any CPU
		{D50B0A1F-476E-494C-8A69-F6FF2AB68AFD}.Release|Any CPU.ActiveCfg = Release|Any CPU
		{D50B0A1F-476E-494C-8A69-F6FF2AB68AFD}.Release|Any CPU.Build.0 = Release|Any CPU
	EndGlobalSection
	GlobalSection(SolutionProperties) = preSolution
		HideSolutionNode = FALSE
	EndGlobalSection
	GlobalSection(ExtensibilityGlobals) = postSolution
		SolutionGuid = {5142EEB2-5D50-45EF-A77A-6F956C241F20}
	EndGlobalSection
EndGlobal
